
Microsoft Visual Studio Solution File, Format Version 12.00
# Visual Studio 15
VisualStudioVersion = 15.0.26430.16
MinimumVisualStudioVersion = 10.0.40219.1
Project("{FAE04EC0-301F-11D3-BF4B-00C04F79EFBC}") = "TwoDoors", "TwoDoors\TwoDoors.csproj", "{405B8983-377A-408B-A0F4-12D123D86732}"
EndProject
Project("{FAE04EC0-301F-11D3-BF4B-00C04F79EFBC}") = "TwoDoors.Services", "TwoDoors.Services\TwoDoors.Services.csproj", "{AEA57752-4042-494D-BFC5-7766718D6F75}"
EndProject
Project("{FAE04EC0-301F-11D3-BF4B-00C04F79EFBC}") = "TwoDoors.Models", "TwoDoors.Models\TwoDoors.Models.csproj", "{14AE2B94-FD8C-4CD9-8A93-F3464929FC04}"
EndProject
Project("{FAE04EC0-301F-11D3-BF4B-00C04F79EFBC}") = "TwoDoors.Services.Tests", "TwoDoors.Services.Tests\TwoDoors.Services.Tests.csproj", "{187CCF03-9C4A-4C5C-9AC1-49A1FCBBDBFF}"
EndProject
Global
	GlobalSection(SolutionConfigurationPlatforms) = preSolution
		Debug|Any CPU = Debug|Any CPU
		Release|Any CPU = Release|Any CPU
	EndGlobalSection
	GlobalSection(ProjectConfigurationPlatforms) = postSolution
		{405B8983-377A-408B-A0F4-12D123D86732}.Debug|Any CPU.ActiveCfg = Debug|Any CPU
		{405B8983-377A-408B-A0F4-12D123D86732}.Debug|Any CPU.Build.0 = Debug|Any CPU
		{405B8983-377A-408B-A0F4-12D123D86732}.Release|Any CPU.ActiveCfg = Release|Any CPU
		{405B8983-377A-408B-A0F4-12D123D86732}.Release|Any CPU.Build.0 = Release|Any CPU
		{AEA57752-4042-494D-BFC5-7766718D6F75}.Debug|Any CPU.ActiveCfg = Debug|Any CPU
		{AEA57752-4042-494D-BFC5-7766718D6F75}.Debug|Any CPU.Build.0 = Debug|Any CPU
		{AEA57752-4042-494D-BFC5-7766718D6F75}.Release|Any CPU.ActiveCfg = Release|Any CPU
		{AEA57752-4042-494D-BFC5-7766718D6F75}.Release|Any CPU.Build.0 = Release|Any CPU
		{14AE2B94-FD8C-4CD9-8A93-F3464929FC04}.Debug|Any CPU.ActiveCfg = Debug|Any CPU
		{14AE2B94-FD8C-4CD9-8A93-F3464929FC04}.Debug|Any CPU.Build.0 = Debug|Any CPU
		{14AE2B94-FD8C-4CD9-8A93-F3464929FC04}.Release|Any CPU.ActiveCfg = Release|Any CPU
		{14AE2B94-FD8C-4CD9-8A93-F3464929FC04}.Release|Any CPU.Build.0 = Release|Any CPU
		{187CCF03-9C4A-4C5C-9AC1-49A1FCBBDBFF}.Debug|Any CPU.ActiveCfg = Debug|Any CPU
		{187CCF03-9C4A-4C5C-9AC1-49A1FCBBDBFF}.Debug|Any CPU.Build.0 = Debug|Any CPU
		{187CCF03-9C4A-4C5C-9AC1-49A1FCBBDBFF}.Release|Any CPU.ActiveCfg = Release|Any CPU
		{187CCF03-9C4A-4C5C-9AC1-49A1FCBBDBFF}.Release|Any CPU.Build.0 = Release|Any CPU
	EndGlobalSection
	GlobalSection(SolutionProperties) = preSolution
		HideSolutionNode = FALSE
	EndGlobalSection
EndGlobal
